
Microsoft Visual Studio Solution File, Format Version 12.00
# Visual Studio Version 18
VisualStudioVersion = 18.9.12112.369
MinimumVisualStudioVersion = 10.0.40219.1
Project("{FAE04EC0-301F-11D3-BF4B-00C04F79EFBC}") = "DVLDBusinessLogicLayer", "DVLDBusinessLogicLayer\DVLDBusinessLogicLayer.csproj", "{56B24FE4-54F1-ECB6-202B-8FEAC8B786A8}"
EndProject
Project("{FAE04EC0-301F-11D3-BF4B-00C04F79EFBC}") = "DVLDDataAccessLayer", "DVLDDataAccessLayer\DVLDDataAccessLayer.csproj", "{A7676B62-FAB6-5151-22CF-8998C5405DDB}"
EndProject
Project("{FAE04EC0-301F-11D3-BF4B-00C04F79EFBC}") = "DVLDPresentationLayer", "DVLDPresentationLayer\DVLDPresentationLayer.csproj", "{82EFECE1-C41B-EC09-12B4-05ACB25F0D9A}"
EndProject
Project("{FAE04EC0-301F-11D3-BF4B-00C04F79EFBC}") = "DVLDLib", "DVLDLib\DVLDLib.csproj", "{E5D9A4F7-6295-47E6-BA85-339235D529EF}"
EndProject
Global
	GlobalSection(SolutionConfigurationPlatforms) = preSolution
		Debug|Any CPU = Debug|Any CPU
		Release|Any CPU = Release|Any CPU
	EndGlobalSection
	GlobalSection(ProjectConfigurationPlatforms) = postSolution
		{56B24FE4-54F1-ECB6-202B-8FEAC8B786A8}.Debug|Any CPU.ActiveCfg = Debug|Any CPU
		{56B24FE4-54F1-ECB6-202B-8FEAC8B786A8}.Debug|Any CPU.Build.0 = Debug|Any CPU
		{56B24FE4-54F1-ECB6-202B-8FEAC8B786A8}.Release|Any CPU.ActiveCfg = Release|Any CPU
		{56B24FE4-54F1-ECB6-202B-8FEAC8B786A8}.Release|Any CPU.Build.0 = Release|Any CPU
		{A7676B62-FAB6-5151-22CF-8998C5405DDB}.Debug|Any CPU.ActiveCfg = Debug|Any CPU
		{A7676B62-FAB6-5151-22CF-8998C5405DDB}.Debug|Any CPU.Build.0 = Debug|Any CPU
		{A7676B62-FAB6-5151-22CF-8998C5405DDB}.Release|Any CPU.ActiveCfg = Release|Any CPU
		{A7676B62-FAB6-5151-22CF-8998C5405DDB}.Release|Any CPU.Build.0 = Release|Any CPU
		{82EFECE1-C41B-EC09-12B4-05ACB25F0D9A}.Debug|Any CPU.ActiveCfg = Debug|Any CPU
		{82EFECE1-C41B-EC09-12B4-05ACB25F0D9A}.Debug|Any CPU.Build.0 = Debug|Any CPU
		{82EFECE1-C41B-EC09-12B4-05ACB25F0D9A}.Release|Any CPU.ActiveCfg = Release|Any CPU
		{82EFECE1-C41B-EC09-12B4-05ACB25F0D9A}.Release|Any CPU.Build.0 = Release|Any CPU
		{E5D9A4F7-6295-47E6-BA85-339235D529EF}.Debug|Any CPU.ActiveCfg = Debug|Any CPU
		{E5D9A4F7-6295-47E6-BA85-339235D529EF}.Debug|Any CPU.Build.0 = Debug|Any CPU
		{E5D9A4F7-6295-47E6-BA85-339235D529EF}.Release|Any CPU.ActiveCfg = Release|Any CPU
		{E5D9A4F7-6295-47E6-BA85-339235D529EF}.Release|Any CPU.Build.0 = Release|Any CPU
	EndGlobalSection
	GlobalSection(SolutionProperties) = preSolution
		HideSolutionNode = FALSE
	EndGlobalSection
	GlobalSection(ExtensibilityGlobals) = postSolution
		SolutionGuid = {5E487569-B5AA-42D7-9E3A-DBD36FB2EC34}
	EndGlobalSection
EndGlobal
